
Microsoft Visual Studio Solution File, Format Version 12.00
# Visual Studio Version 17
VisualStudioVersion = 17.0.31903.59
MinimumVisualStudioVersion = 10.0.40219.1
Project("{9A19103F-16F7-4668-BE54-9A1E7A4F7556}") = "movies-app", "movies-app\movies-app.csproj", "{3B62B1D5-6BDD-42E2-832C-8F794E964902}"
EndProject
Project("{2150E333-8FDC-42A3-9474-1A3956D46DE8}") = "Solution Items", "Solution Items", "{993BC431-F123-44C0-9B66-F69827916963}"
	ProjectSection(SolutionItems) = preProject
		..\notes.md = ..\notes.md
	EndProjectSection
EndProject
Global
	GlobalSection(SolutionConfigurationPlatforms) = preSolution
		Debug|Any CPU = Debug|Any CPU
		Release|Any CPU = Release|Any CPU
	EndGlobalSection
	GlobalSection(ProjectConfigurationPlatforms) = postSolution
		{3B62B1D5-6BDD-42E2-832C-8F794E964902}.Debug|Any CPU.ActiveCfg = Debug|Any CPU
		{3B62B1D5-6BDD-42E2-832C-8F794E964902}.Debug|Any CPU.Build.0 = Debug|Any CPU
		{3B62B1D5-6BDD-42E2-832C-8F794E964902}.Release|Any CPU.ActiveCfg = Release|Any CPU
		{3B62B1D5-6BDD-42E2-832C-8F794E964902}.Release|Any CPU.Build.0 = Release|Any CPU
	EndGlobalSection
	GlobalSection(SolutionProperties) = preSolution
		HideSolutionNode = FALSE
	EndGlobalSection
	GlobalSection(ExtensibilityGlobals) = postSolution
		SolutionGuid = {24876416-C81A-463C-BCF3-254FF447FE4F}
	EndGlobalSection
EndGlobal
